
Microsoft Visual Studio Solution File, Format Version 12.00
# Visual Studio Version 17
VisualStudioVersion = 17.1.32319.34
MinimumVisualStudioVersion = 10.0.40219.1
Project("{8BC9CEB8-8B4A-11D0-8D11-00A0C91BC942}") = "NFS_ChatChaosMod", "NFS_ChatChaosMod.vcxproj", "{EB736BC3-BF4E-49FF-9B92-4E9A9D5E6973}"
EndProject
Global
	GlobalSection(SolutionConfigurationPlatforms) = preSolution
		Debug - Carbon|Any CPU = Debug - Carbon|Any CPU
		Debug - Carbon|x64 = Debug - Carbon|x64
		Debug - Carbon|x86 = Debug - Carbon|x86
		Debug - MW05|Any CPU = Debug - MW05|Any CPU
		Debug - MW05|x64 = Debug - MW05|x64
		Debug - MW05|x86 = Debug - MW05|x86
		Release - Carbon|Any CPU = Release - Carbon|Any CPU
		Release - Carbon|x64 = Release - Carbon|x64
		Release - Carbon|x86 = Release - Carbon|x86
		Release - MW05|Any CPU = Release - MW05|Any CPU
		Release - MW05|x64 = Release - MW05|x64
		Release - MW05|x86 = Release - MW05|x86
	EndGlobalSection
	GlobalSection(ProjectConfigurationPlatforms) = postSolution
		{EB736BC3-BF4E-49FF-9B92-4E9A9D5E6973}.Debug - Carbon|Any CPU.ActiveCfg = Debug - Carbon|x64
		{EB736BC3-BF4E-49FF-9B92-4E9A9D5E6973}.Debug - Carbon|Any CPU.Build.0 = Debug - Carbon|x64
		{EB736BC3-BF4E-49FF-9B92-4E9A9D5E6973}.Debug - Carbon|x64.ActiveCfg = Debug - Carbon|x64
		{EB736BC3-BF4E-49FF-9B92-4E9A9D5E6973}.Debug - Carbon|x64.Build.0 = Debug - Carbon|x64
		{EB736BC3-BF4E-49FF-9B92-4E9A9D5E6973}.Debug - Carbon|x86.ActiveCfg = Debug - Carbon|Win32
		{EB736BC3-BF4E-49FF-9B92-4E9A9D5E6973}.Debug - Carbon|x86.Build.0 = Debug - Carbon|Win32
		{EB736BC3-BF4E-49FF-9B92-4E9A9D5E6973}.Debug - MW05|Any CPU.ActiveCfg = Debug - MW05|Win32
		{EB736BC3-BF4E-49FF-9B92-4E9A9D5E6973}.Debug - MW05|Any CPU.Build.0 = Debug - MW05|Win32
		{EB736BC3-BF4E-49FF-9B92-4E9A9D5E6973}.Debug - MW05|x64.ActiveCfg = Debug - MW05|x64
		{EB736BC3-BF4E-49FF-9B92-4E9A9D5E6973}.Debug - MW05|x64.Build.0 = Debug - MW05|x64
		{EB736BC3-BF4E-49FF-9B92-4E9A9D5E6973}.Debug - MW05|x86.ActiveCfg = Debug - MW05|Win32
		{EB736BC3-BF4E-49FF-9B92-4E9A9D5E6973}.Debug - MW05|x86.Build.0 = Debug - MW05|Win32
		{EB736BC3-BF4E-49FF-9B92-4E9A9D5E6973}.Release - Carbon|Any CPU.ActiveCfg = Release - Carbon|x64
		{EB736BC3-BF4E-49FF-9B92-4E9A9D5E6973}.Release - Carbon|Any CPU.Build.0 = Release - Carbon|x64
		{EB736BC3-BF4E-49FF-9B92-4E9A9D5E6973}.Release - Carbon|x64.ActiveCfg = Release - Carbon|x64
		{EB736BC3-BF4E-49FF-9B92-4E9A9D5E6973}.Release - Carbon|x64.Build.0 = Release - Carbon|x64
		{EB736BC3-BF4E-49FF-9B92-4E9A9D5E6973}.Release - Carbon|x86.ActiveCfg = Release - Carbon|Win32
		{EB736BC3-BF4E-49FF-9B92-4E9A9D5E6973}.Release - Carbon|x86.Build.0 = Release - Carbon|Win32
		{EB736BC3-BF4E-49FF-9B92-4E9A9D5E6973}.Release - MW05|Any CPU.ActiveCfg = Release - MW05|Win32
		{EB736BC3-BF4E-49FF-9B92-4E9A9D5E6973}.Release - MW05|Any CPU.Build.0 = Release - MW05|Win32
		{EB736BC3-BF4E-49FF-9B92-4E9A9D5E6973}.Release - MW05|x64.ActiveCfg = Release - MW05|x64
		{EB736BC3-BF4E-49FF-9B92-4E9A9D5E6973}.Release - MW05|x64.Build.0 = Release - MW05|x64
		{EB736BC3-BF4E-49FF-9B92-4E9A9D5E6973}.Release - MW05|x86.ActiveCfg = Release - MW05|Win32
		{EB736BC3-BF4E-49FF-9B92-4E9A9D5E6973}.Release - MW05|x86.Build.0 = Release - MW05|Win32
	EndGlobalSection
	GlobalSection(SolutionProperties) = preSolution
		HideSolutionNode = FALSE
	EndGlobalSection
	GlobalSection(ExtensibilityGlobals) = postSolution
		SolutionGuid = {75868E73-2540-4A91-B7CF-9C20B41EF256}
	EndGlobalSection
EndGlobal
