<?xml version="1.0" encoding="utf-8"?>
<Project ToolsVersion="4.0" xmlns="http://schemas.microsoft.com/developer/msbuild/2003">
  <ItemGroup>
    <ClCompile Include="src\_win32entry\dllmain.cpp">
      <Filter>_win32entry</Filter>
    </ClCompile>
    <ClCompile Include="src\Helpers\Dear ImGui\imgui_tables.cpp">
      <Filter>Helpers\Dear ImGui</Filter>
    </ClCompile>
    <ClCompile Include="src\Helpers\Dear ImGui\imgui.cpp">
      <Filter>Helpers\Dear ImGui</Filter>
    </ClCompile>
    <ClCompile Include="src\Helpers\Dear ImGui\imgui_demo.cpp">
      <Filter>Helpers\Dear ImGui</Filter>
    </ClCompile>
    <ClCompile Include="src\Helpers\Dear ImGui\imgui_draw.cpp">
      <Filter>Helpers\Dear ImGui</Filter>
    </ClCompile>
    <ClCompile Include="src\Helpers\Dear ImGui\imgui_user.cpp">
      <Filter>Helpers\Dear ImGui</Filter>
    </ClCompile>
    <ClCompile Include="src\Helpers\Dear ImGui\imgui_widgets.cpp">
      <Filter>Helpers\Dear ImGui</Filter>
    </ClCompile>
    <ClCompile Include="src\Helpers\Dear ImGui\backends\imgui_impl_dx9.cpp">
      <Filter>Helpers\Dear ImGui\backends</Filter>
    </ClCompile>
    <ClCompile Include="src\Helpers\Dear ImGui\backends\imgui_impl_win32.cpp">
      <Filter>Helpers\Dear ImGui\backends</Filter>
    </ClCompile>
    <ClCompile Include="src\Helpers\Dear ImGui\misc\freetype\imgui_freetype.cpp">
      <Filter>Helpers\Dear ImGui\misc\freetype</Filter>
    </ClCompile>
    <ClCompile Include="src\Helpers\fmt\format.cc">
      <Filter>Helpers\fmt</Filter>
    </ClCompile>
    <ClCompile Include="src\_vs\pch.cpp">
      <Filter>_vs</Filter>
    </ClCompile>
  </ItemGroup>
  <ItemGroup>
    <ClInclude Include="src\Extensions\Game\Carbon\Modifiers\CarScaleModifier.hpp">
      <Filter>Extensions\Game\Carbon\Modifiers</Filter>
    </ClInclude>
    <ClInclude Include="src\Extensions\Game\Carbon\Carbon.hpp">
      <Filter>Extensions\Game\Carbon</Filter>
    </ClInclude>
    <ClInclude Include="src\Extensions\Game\Carbon\GameEffectsHandler.hpp">
      <Filter>Extensions\Game\Carbon</Filter>
    </ClInclude>
    <ClInclude Include="src\Helpers\Config.hpp">
      <Filter>Helpers</Filter>
    </ClInclude>
    <ClInclude Include="src\Helpers\DefaultConfigFile.hpp">
      <Filter>Helpers</Filter>
    </ClInclude>
    <ClInclude Include="src\Helpers\FMODWrapper.hpp">
      <Filter>Helpers</Filter>
    </ClInclude>
    <ClInclude Include="src\Helpers\OpenSpeedEx.hpp">
      <Filter>Helpers</Filter>
    </ClInclude>
    <ClInclude Include="src\Helpers\Random.hpp">
      <Filter>Helpers</Filter>
    </ClInclude>
    <ClInclude Include="src\Helpers\TwitchIRC.hpp">
      <Filter>Helpers</Filter>
    </ClInclude>
    <ClInclude Include="src\Helpers\XInputWrapper.hpp">
      <Filter>Helpers</Filter>
    </ClInclude>
    <ClInclude Include="src\Helpers\Dear ImGui\imconfig.h">
      <Filter>Helpers\Dear ImGui</Filter>
    </ClInclude>
    <ClInclude Include="src\Helpers\Dear ImGui\imgui.h">
      <Filter>Helpers\Dear ImGui</Filter>
    </ClInclude>
    <ClInclude Include="src\Helpers\Dear ImGui\imgui_internal.h">
      <Filter>Helpers\Dear ImGui</Filter>
    </ClInclude>
    <ClInclude Include="src\Helpers\Dear ImGui\imgui_user.h">
      <Filter>Helpers\Dear ImGui</Filter>
    </ClInclude>
    <ClInclude Include="src\Helpers\Dear ImGui\imstb_rectpack.h">
      <Filter>Helpers\Dear ImGui</Filter>
    </ClInclude>
    <ClInclude Include="src\Helpers\Dear ImGui\imstb_textedit.h">
      <Filter>Helpers\Dear ImGui</Filter>
    </ClInclude>
    <ClInclude Include="src\Helpers\Dear ImGui\backends\imgui_impl_dx9.h">
      <Filter>Helpers\Dear ImGui\backends</Filter>
    </ClInclude>
    <ClInclude Include="src\Helpers\Dear ImGui\backends\imgui_impl_win32.h">
      <Filter>Helpers\Dear ImGui\backends</Filter>
    </ClInclude>
    <ClInclude Include="src\Helpers\Dear ImGui\misc\freetype\imgui_freetype.h">
      <Filter>Helpers\Dear ImGui\misc\freetype</Filter>
    </ClInclude>
    <ClInclude Include="src\Helpers\Dear ImGui\misc\fonts\FontAwesome-Solid.hpp">
      <Filter>Helpers\Dear ImGui\misc\fonts</Filter>
    </ClInclude>
    <ClInclude Include="src\Helpers\Dear ImGui\misc\fonts\OpenSans-Regular.hpp">
      <Filter>Helpers\Dear ImGui\misc\fonts</Filter>
    </ClInclude>
    <ClInclude Include="src\Helpers\Dear ImGui\misc\fonts\OpenSans-SemiBold.hpp">
      <Filter>Helpers\Dear ImGui\misc\fonts</Filter>
    </ClInclude>
    <ClInclude Include="src\Helpers\fmt\core.h">
      <Filter>Helpers\fmt</Filter>
    </ClInclude>
    <ClInclude Include="src\Helpers\fmt\format-inl.h">
      <Filter>Helpers\fmt</Filter>
    </ClInclude>
    <ClInclude Include="src\Helpers\fmt\format.h">
      <Filter>Helpers\fmt</Filter>
    </ClInclude>
    <ClInclude Include="src\Helpers\fmt\ostream.h">
      <Filter>Helpers\fmt</Filter>
    </ClInclude>
    <ClInclude Include="src\Helpers\fmt\printf.h">
      <Filter>Helpers\fmt</Filter>
    </ClInclude>
    <ClInclude Include="src\_vs\pch.h">
      <Filter>_vs</Filter>
    </ClInclude>
    <ClInclude Include="src\_vs\resource.h">
      <Filter>_vs</Filter>
    </ClInclude>
    <ClInclude Include="src\Extensions\D3D9\D3D9.Base.hpp">
      <Filter>Extensions\D3D9</Filter>
    </ClInclude>
    <ClInclude Include="src\Extensions\D3D9\D3D9.Menu.hpp">
      <Filter>Extensions\D3D9</Filter>
    </ClInclude>
    <ClInclude Include="src\Extensions\D3D9\D3D9.Overlay.hpp">
      <Filter>Extensions\D3D9</Filter>
    </ClInclude>
    <ClInclude Include="src\Extensions\D3D9\Shared.hpp">
      <Filter>Extensions\D3D9</Filter>
    </ClInclude>
    <ClInclude Include="src\Extensions\DInput8\DInput8.hpp">
      <Filter>Extensions\DInput8</Filter>
    </ClInclude>
    <ClInclude Include="src\Extensions\Game\IGameEffectsHandler.hpp">
      <Filter>Extensions\Game</Filter>
    </ClInclude>
    <ClInclude Include="src\Extensions\Game\IGameEffect.hpp">
      <Filter>Extensions\Game</Filter>
    </ClInclude>
    <ClInclude Include="src\Extensions\Game\IGameplayModifier.hpp">
      <Filter>Extensions\Game</Filter>
    </ClInclude>
    <ClInclude Include="src\Extensions\Game\MW05\MW05.hpp">
      <Filter>Extensions\Game\MW05</Filter>
    </ClInclude>
    <ClInclude Include="src\Extensions\Game\MW05\GameEffectsHandler.hpp">
      <Filter>Extensions\Game\MW05</Filter>
    </ClInclude>
    <ClInclude Include="src\Extensions\Game\MW05\Effects\AXEDeodorant.hpp">
      <Filter>Extensions\Game\MW05\Effects</Filter>
    </ClInclude>
    <ClInclude Include="src\Extensions\Game\MW05\Effects\BailMeOut.hpp">
      <Filter>Extensions\Game\MW05\Effects</Filter>
    </ClInclude>
    <ClInclude Include="src\Extensions\Game\MW05\Effects\BlackOut.hpp">
      <Filter>Extensions\Game\MW05\Effects</Filter>
    </ClInclude>
    <ClInclude Include="src\Extensions\Game\MW05\Effects\BlurPowerups.hpp">
      <Filter>Extensions\Game\MW05\Effects</Filter>
    </ClInclude>
    <ClInclude Include="src\Extensions\Game\MW05\Effects\BopIt.hpp">
      <Filter>Extensions\Game\MW05\Effects</Filter>
    </ClInclude>
    <ClInclude Include="src\Extensions\Game\MW05\Effects\BrakesJustSlowYouDown.hpp">
      <Filter>Extensions\Game\MW05\Effects</Filter>
    </ClInclude>
    <ClInclude Include="src\Extensions\Game\MW05\Effects\CameraSwitcheroo.hpp">
      <Filter>Extensions\Game\MW05\Effects</Filter>
    </ClInclude>
    <ClInclude Include="src\Extensions\Game\MW05\Effects\Chernobyl.hpp">
      <Filter>Extensions\Game\MW05\Effects</Filter>
    </ClInclude>
    <ClInclude Include="src\Extensions\Game\MW05\Effects\BluetoothController.hpp">
      <Filter>Extensions\Game\MW05\Effects</Filter>
    </ClInclude>
    <ClInclude Include="src\Extensions\Game\MW05\Effects\CrazyTaxi.hpp">
      <Filter>Extensions\Game\MW05\Effects</Filter>
    </ClInclude>
    <ClInclude Include="src\Extensions\Game\MW05\Effects\CrossEyedRider.hpp">
      <Filter>Extensions\Game\MW05\Effects</Filter>
    </ClInclude>
    <ClInclude Include="src\Extensions\Game\MW05\Effects\DeliveryBoy.hpp">
      <Filter>Extensions\Game\MW05\Effects</Filter>
    </ClInclude>
    <ClInclude Include="src\Extensions\Game\MW05\Effects\DesignatedDriver.hpp">
      <Filter>Extensions\Game\MW05\Effects</Filter>
    </ClInclude>
    <ClInclude Include="src\Extensions\Game\MW05\Effects\DoILookBetterInThisDress.hpp">
      <Filter>Extensions\Game\MW05\Effects</Filter>
    </ClInclude>
    <ClInclude Include="src\Extensions\Game\MW05\Effects\DriveOrDie.hpp">
      <Filter>Extensions\Game\MW05\Effects</Filter>
    </ClInclude>
    <ClInclude Include="src\Extensions\Game\MW05\Effects\EnjoyTheScenery.hpp">
      <Filter>Extensions\Game\MW05\Effects</Filter>
    </ClInclude>
    <ClInclude Include="src\Extensions\Game\MW05\Effects\FastAndFuriousNOS.hpp">
      <Filter>Extensions\Game\MW05\Effects</Filter>
    </ClInclude>
    <ClInclude Include="src\Extensions\Game\MW05\Effects\Flashbang.hpp">
      <Filter>Extensions\Game\MW05\Effects</Filter>
    </ClInclude>
    <ClInclude Include="src\Extensions\Game\MW05\Effects\GASGASGAS.hpp">
      <Filter>Extensions\Game\MW05\Effects</Filter>
    </ClInclude>
    <ClInclude Include="src\Extensions\Game\MW05\Effects\GigaRubberband.hpp">
      <Filter>Extensions\Game\MW05\Effects</Filter>
    </ClInclude>
    <ClInclude Include="src\Extensions\Game\MW05\Effects\GuessWhosBack.hpp">
      <Filter>Extensions\Game\MW05\Effects</Filter>
    </ClInclude>
    <ClInclude Include="src\Extensions\Game\MW05\Effects\HeavyCars.hpp">
      <Filter>Extensions\Game\MW05\Effects</Filter>
    </ClInclude>
    <ClInclude Include="src\Extensions\Game\MW05\Effects\HeavyCops.hpp">
      <Filter>Extensions\Game\MW05\Effects</Filter>
    </ClInclude>
    <ClInclude Include="src\Extensions\Game\MW05\Effects\HowsYourCarRunning.hpp">
      <Filter>Extensions\Game\MW05\Effects</Filter>
    </ClInclude>
    <ClInclude Include="src\Extensions\Game\MW05\Effects\AreYouAMinivanMom.hpp">
      <Filter>Extensions\Game\MW05\Effects</Filter>
    </ClInclude>
    <ClInclude Include="src\Extensions\Game\MW05\Effects\DeveloperMode.hpp">
      <Filter>Extensions\Game\MW05\Effects</Filter>
    </ClInclude>
    <ClInclude Include="src\Extensions\Game\MW05\Effects\DontLookBackInAnger.hpp">
      <Filter>Extensions\Game\MW05\Effects</Filter>
    </ClInclude>
    <ClInclude Include="src\Extensions\Game\MW05\Effects\EARFQUAKE.hpp">
      <Filter>Extensions\Game\MW05\Effects</Filter>
    </ClInclude>
    <ClInclude Include="src\Extensions\Game\MW05\Effects\ExperienceTheLag.hpp">
      <Filter>Extensions\Game\MW05\Effects</Filter>
    </ClInclude>
    <ClInclude Include="src\Extensions\Game\MW05\Effects\FAK500.hpp">
      <Filter>Extensions\Game\MW05\Effects</Filter>
    </ClInclude>
    <ClInclude Include="src\Extensions\Game\MW05\Effects\IfYouCantBeatThemKillThem.hpp">
      <Filter>Extensions\Game\MW05\Effects</Filter>
    </ClInclude>
    <ClInclude Include="src\Extensions\Game\MW05\Effects\EnterTheMatrix.hpp">
      <Filter>Extensions\Game\MW05\Effects</Filter>
    </ClInclude>
    <ClInclude Include="src\Extensions\Game\MW05\Effects\ImTIREd.hpp">
      <Filter>Extensions\Game\MW05\Effects</Filter>
    </ClInclude>
    <ClInclude Include="src\Extensions\Game\MW05\Effects\INeedSomeHelp.hpp">
      <Filter>Extensions\Game\MW05\Effects</Filter>
    </ClInclude>
    <ClInclude Include="src\Extensions\Game\MW05\Effects\InsaneTraffic.hpp">
      <Filter>Extensions\Game\MW05\Effects</Filter>
    </ClInclude>
    <ClInclude Include="src\Extensions\Game\MW05\Effects\IntoTheVoid.hpp">
      <Filter>Extensions\Game\MW05\Effects</Filter>
    </ClInclude>
    <ClInclude Include="src\Extensions\Game\MW05\Effects\JellyCars.hpp">
      <Filter>Extensions\Game\MW05\Effects</Filter>
    </ClInclude>
    <ClInclude Include="src\Extensions\Game\MW05\Effects\JesusTakeTheWheel.hpp">
      <Filter>Extensions\Game\MW05\Effects</Filter>
    </ClInclude>
    <ClInclude Include="src\Extensions\Game\MW05\Effects\JumpToCarLot.hpp">
      <Filter>Extensions\Game\MW05\Effects</Filter>
    </ClInclude>
    <ClInclude Include="src\Extensions\Game\MW05\Effects\JumpToSafehouse.hpp">
      <Filter>Extensions\Game\MW05\Effects</Filter>
    </ClInclude>
    <ClInclude Include="src\Extensions\Game\MW05\Effects\LightCars.hpp">
      <Filter>Extensions\Game\MW05\Effects</Filter>
    </ClInclude>
    <ClInclude Include="src\Extensions\Game\MW05\Effects\LightCops.hpp">
      <Filter>Extensions\Game\MW05\Effects</Filter>
    </ClInclude>
    <ClInclude Include="src\Extensions\Game\MW05\Effects\Magneto.hpp">
      <Filter>Extensions\Game\MW05\Effects</Filter>
    </ClInclude>
    <ClInclude Include="src\Extensions\Game\MW05\Effects\MaybeInvertedSteering.hpp">
      <Filter>Extensions\Game\MW05\Effects</Filter>
    </ClInclude>
    <ClInclude Include="src\Extensions\Game\MW05\Effects\MegaRubberband.hpp">
      <Filter>Extensions\Game\MW05\Effects</Filter>
    </ClInclude>
    <ClInclude Include="src\Extensions\Game\MW05\Effects\MidnightClubRacing.hpp">
      <Filter>Extensions\Game\MW05\Effects</Filter>
    </ClInclude>
    <ClInclude Include="src\Extensions\Game\MW05\Effects\NeverBusted.hpp">
      <Filter>Extensions\Game\MW05\Effects</Filter>
    </ClInclude>
    <ClInclude Include="src\Extensions\Game\MW05\Effects\PaperCars.hpp">
      <Filter>Extensions\Game\MW05\Effects</Filter>
    </ClInclude>
    <ClInclude Include="src\Extensions\Game\MW05\Effects\PotatoPC.hpp">
      <Filter>Extensions\Game\MW05\Effects</Filter>
    </ClInclude>
    <ClInclude Include="src\Extensions\Game\MW05\Effects\POVYouAreVolkswagenDuringEmissionTests.hpp">
      <Filter>Extensions\Game\MW05\Effects</Filter>
    </ClInclude>
    <ClInclude Include="src\Extensions\Game\MW05\Effects\PowerPointPresentation.hpp">
      <Filter>Extensions\Game\MW05\Effects</Filter>
    </ClInclude>
    <ClInclude Include="src\Extensions\Game\MW05\Effects\RainbowRoad.hpp">
      <Filter>Extensions\Game\MW05\Effects</Filter>
    </ClInclude>
    <ClInclude Include="src\Extensions\Game\MW05\Effects\DoABarrelRoll.hpp">
      <Filter>Extensions\Game\MW05\Effects</Filter>
    </ClInclude>
    <ClInclude Include="src\Extensions\Game\MW05\Effects\RCCars.hpp">
      <Filter>Extensions\Game\MW05\Effects</Filter>
    </ClInclude>
    <ClInclude Include="src\Extensions\Game\MW05\Effects\RKO.hpp">
      <Filter>Extensions\Game\MW05\Effects</Filter>
    </ClInclude>
    <ClInclude Include="src\Extensions\Game\MW05\Effects\SlotMachine.hpp">
      <Filter>Extensions\Game\MW05\Effects</Filter>
    </ClInclude>
    <ClInclude Include="src\Extensions\Game\MW05\Effects\StickShiftPro.hpp">
      <Filter>Extensions\Game\MW05\Effects</Filter>
    </ClInclude>
    <ClInclude Include="src\Extensions\Game\MW05\Effects\STONKS.hpp">
      <Filter>Extensions\Game\MW05\Effects</Filter>
    </ClInclude>
    <ClInclude Include="src\Extensions\Game\MW05\Effects\SuddentlyItsADragRace.hpp">
      <Filter>Extensions\Game\MW05\Effects</Filter>
    </ClInclude>
    <ClInclude Include="src\Extensions\Game\MW05\Effects\Superhot.hpp">
      <Filter>Extensions\Game\MW05\Effects</Filter>
    </ClInclude>
    <ClInclude Include="src\Extensions\Game\MW05\Effects\SuperSeducer.hpp">
      <Filter>Extensions\Game\MW05\Effects</Filter>
    </ClInclude>
    <ClInclude Include="src\Extensions\Game\MW05\Effects\TallCars.hpp">
      <Filter>Extensions\Game\MW05\Effects</Filter>
    </ClInclude>
    <ClInclude Include="src\Extensions\Game\MW05\Effects\TankMode.hpp">
      <Filter>Extensions\Game\MW05\Effects</Filter>
    </ClInclude>
    <ClInclude Include="src\Extensions\Game\MW05\Effects\Teasing.hpp">
      <Filter>Extensions\Game\MW05\Effects</Filter>
    </ClInclude>
    <ClInclude Include="src\Extensions\Game\MW05\Effects\TheJavaExperience.hpp">
      <Filter>Extensions\Game\MW05\Effects</Filter>
    </ClInclude>
    <ClInclude Include="src\Extensions\Game\MW05\Effects\ThePSPExperience.hpp">
      <Filter>Extensions\Game\MW05\Effects</Filter>
    </ClInclude>
    <ClInclude Include="src\Extensions\Game\MW05\Effects\ToTheMoon.hpp">
      <Filter>Extensions\Game\MW05\Effects</Filter>
    </ClInclude>
    <ClInclude Include="src\Extensions\Game\MW05\Effects\TunnelVision.hpp">
      <Filter>Extensions\Game\MW05\Effects</Filter>
    </ClInclude>
    <ClInclude Include="src\Extensions\Game\MW05\Effects\TurnDownTheHeat.hpp">
      <Filter>Extensions\Game\MW05\Effects</Filter>
    </ClInclude>
    <ClInclude Include="src\Extensions\Game\MW05\Effects\LookMaNoHands.hpp">
      <Filter>Extensions\Game\MW05\Effects</Filter>
    </ClInclude>
    <ClInclude Include="src\Extensions\Game\MW05\Effects\TurnUpTheHeat.hpp">
      <Filter>Extensions\Game\MW05\Effects</Filter>
    </ClInclude>
    <ClInclude Include="src\Extensions\Game\MW05\Effects\Sbinnala.hpp">
      <Filter>Extensions\Game\MW05\Effects</Filter>
    </ClInclude>
    <ClInclude Include="src\Extensions\Game\MW05\Effects\CruiseControl.hpp">
      <Filter>Extensions\Game\MW05\Effects</Filter>
    </ClInclude>
    <ClInclude Include="src\Extensions\Game\MW05\Effects\SchoolZone.hpp">
      <Filter>Extensions\Game\MW05\Effects</Filter>
    </ClInclude>
    <ClInclude Include="src\Extensions\Game\MW05\Effects\Snitch.hpp">
      <Filter>Extensions\Game\MW05\Effects</Filter>
    </ClInclude>
    <ClInclude Include="src\Extensions\Game\MW05\Effects\ThanosSnap.hpp">
      <Filter>Extensions\Game\MW05\Effects</Filter>
    </ClInclude>
    <ClInclude Include="src\Extensions\Game\MW05\Effects\TheMagnumOpus.hpp">
      <Filter>Extensions\Game\MW05\Effects</Filter>
    </ClInclude>
    <ClInclude Include="src\Extensions\Game\MW05\Effects\Timeout.hpp">
      <Filter>Extensions\Game\MW05\Effects</Filter>
    </ClInclude>
    <ClInclude Include="src\Extensions\Game\MW05\Effects\AYAYAAYAYA.hpp">
      <Filter>Extensions\Game\MW05\Effects</Filter>
    </ClInclude>
    <ClInclude Include="src\Extensions\Game\MW05\Effects\WideCars.hpp">
      <Filter>Extensions\Game\MW05\Effects</Filter>
    </ClInclude>
    <ClInclude Include="src\Extensions\Game\MW05\Effects\YoBroIsThatASupra.hpp">
      <Filter>Extensions\Game\MW05\Effects</Filter>
    </ClInclude>
    <ClInclude Include="src\Extensions\Game\MW05\Effects\YouAreSafeThisTime.hpp">
      <Filter>Extensions\Game\MW05\Effects</Filter>
    </ClInclude>
    <ClInclude Include="src\Extensions\Game\MW05\Effects\YoureGoingTheWrongWay.hpp">
      <Filter>Extensions\Game\MW05\Effects</Filter>
    </ClInclude>
    <ClInclude Include="src\Extensions\Game\MW05\Effects\YouShouldHaveSaved.hpp">
      <Filter>Extensions\Game\MW05\Effects</Filter>
    </ClInclude>
    <ClInclude Include="src\Extensions\Game\MW05\Modifiers\CarScaleModifier.hpp">
      <Filter>Extensions\Game\MW05\Modifiers</Filter>
    </ClInclude>
    <ClInclude Include="src\Extensions\WndProc\DontStopGameOnFocussLoss.hpp">
      <Filter>Extensions\WndProc</Filter>
    </ClInclude>
    <ClInclude Include="src\Extensions\WndProc\WindowedModeImprovements.hpp">
      <Filter>Extensions\WndProc</Filter>
    </ClInclude>
    <ClInclude Include="src\Main.hpp" />
    <ClInclude Include="src\Extensions\Game\Carbon\Effects\YouShouldHaveSaved.hpp">
      <Filter>Extensions\Game\Carbon\Effects</Filter>
    </ClInclude>
    <ClInclude Include="src\Extensions\Game\Carbon\Effects\BlackOut.hpp">
      <Filter>Extensions\Game\Carbon\Effects</Filter>
    </ClInclude>
    <ClInclude Include="src\Extensions\Game\Carbon\Effects\DesignatedDriver.hpp">
      <Filter>Extensions\Game\Carbon\Effects</Filter>
    </ClInclude>
    <ClInclude Include="src\Extensions\Game\Carbon\Effects\EnjoyTheScenery.hpp">
      <Filter>Extensions\Game\Carbon\Effects</Filter>
    </ClInclude>
    <ClInclude Include="src\Extensions\Game\Carbon\Effects\ExperienceTheLag.hpp">
      <Filter>Extensions\Game\Carbon\Effects</Filter>
    </ClInclude>
    <ClInclude Include="src\Extensions\Game\Carbon\Effects\Flashbang.hpp">
      <Filter>Extensions\Game\Carbon\Effects</Filter>
    </ClInclude>
    <ClInclude Include="src\Extensions\Game\Carbon\Effects\JellyCars.hpp">
      <Filter>Extensions\Game\Carbon\Effects</Filter>
    </ClInclude>
    <ClInclude Include="src\Extensions\Game\Carbon\Effects\PaperCars.hpp">
      <Filter>Extensions\Game\Carbon\Effects</Filter>
    </ClInclude>
    <ClInclude Include="src\Extensions\Game\Carbon\Effects\PotatoPC.hpp">
      <Filter>Extensions\Game\Carbon\Effects</Filter>
    </ClInclude>
    <ClInclude Include="src\Extensions\Game\Carbon\Effects\PowerPointPresentation.hpp">
      <Filter>Extensions\Game\Carbon\Effects</Filter>
    </ClInclude>
    <ClInclude Include="src\Extensions\Game\Carbon\Effects\RCCars.hpp">
      <Filter>Extensions\Game\Carbon\Effects</Filter>
    </ClInclude>
    <ClInclude Include="src\Extensions\Game\Carbon\Effects\TallCars.hpp">
      <Filter>Extensions\Game\Carbon\Effects</Filter>
    </ClInclude>
    <ClInclude Include="src\Extensions\Game\Carbon\Effects\Teasing.hpp">
      <Filter>Extensions\Game\Carbon\Effects</Filter>
    </ClInclude>
    <ClInclude Include="src\Extensions\Game\Carbon\Effects\TheJavaExperience.hpp">
      <Filter>Extensions\Game\Carbon\Effects</Filter>
    </ClInclude>
    <ClInclude Include="src\Extensions\Game\Carbon\Effects\ThePSPExperience.hpp">
      <Filter>Extensions\Game\Carbon\Effects</Filter>
    </ClInclude>
    <ClInclude Include="src\Extensions\Game\Carbon\Effects\TunnelVision.hpp">
      <Filter>Extensions\Game\Carbon\Effects</Filter>
    </ClInclude>
    <ClInclude Include="src\Extensions\Game\Carbon\Effects\WideCars.hpp">
      <Filter>Extensions\Game\Carbon\Effects</Filter>
    </ClInclude>
    <ClInclude Include="src\Extensions\Game\Carbon\Effects\YouAreSafeThisTime.hpp">
      <Filter>Extensions\Game\Carbon\Effects</Filter>
    </ClInclude>
    <ClInclude Include="src\Extensions\Game\Carbon\Effects\Sbinnala.hpp">
      <Filter>Extensions\Game\Carbon\Effects</Filter>
    </ClInclude>
    <ClInclude Include="src\Extensions\Game\Carbon\Effects\JumpToSafehouse.hpp">
      <Filter>Extensions\Game\Carbon\Effects</Filter>
    </ClInclude>
    <ClInclude Include="src\Extensions\Game\Carbon\Effects\JumpToCarLot.hpp">
      <Filter>Extensions\Game\Carbon\Effects</Filter>
    </ClInclude>
    <ClInclude Include="src\Extensions\Game\Carbon\Effects\ToTheMoon.hpp">
      <Filter>Extensions\Game\Carbon\Effects</Filter>
    </ClInclude>
    <ClInclude Include="src\Extensions\Game\Carbon\Effects\RKO.hpp">
      <Filter>Extensions\Game\Carbon\Effects</Filter>
    </ClInclude>
    <ClInclude Include="src\Extensions\Game\Carbon\Effects\SchoolZone.hpp">
      <Filter>Extensions\Game\Carbon\Effects</Filter>
    </ClInclude>
    <ClInclude Include="src\Extensions\Game\Carbon\Effects\SuperSeducer.hpp">
      <Filter>Extensions\Game\Carbon\Effects</Filter>
    </ClInclude>
    <ClInclude Include="src\Extensions\Game\Carbon\Effects\ThanosSnap.hpp">
      <Filter>Extensions\Game\Carbon\Effects</Filter>
    </ClInclude>
    <ClInclude Include="src\Extensions\Game\Carbon\Effects\Magneto.hpp">
      <Filter>Extensions\Game\Carbon\Effects</Filter>
    </ClInclude>
    <ClInclude Include="src\Extensions\Game\Carbon\Effects\AXEDeodorant.hpp">
      <Filter>Extensions\Game\Carbon\Effects</Filter>
    </ClInclude>
    <ClInclude Include="src\Extensions\Game\Carbon\Effects\BlurPowerups.hpp">
      <Filter>Extensions\Game\Carbon\Effects</Filter>
    </ClInclude>
    <ClInclude Include="src\Extensions\Game\Carbon\Effects\BopIt.hpp">
      <Filter>Extensions\Game\Carbon\Effects</Filter>
    </ClInclude>
    <ClInclude Include="src\Extensions\Game\Carbon\Effects\CruiseControl.hpp">
      <Filter>Extensions\Game\Carbon\Effects</Filter>
    </ClInclude>
    <ClInclude Include="src\Extensions\Game\Carbon\Effects\DoABarrelRoll.hpp">
      <Filter>Extensions\Game\Carbon\Effects</Filter>
    </ClInclude>
    <ClInclude Include="src\Extensions\Game\Carbon\Effects\DontLookBackInAnger.hpp">
      <Filter>Extensions\Game\Carbon\Effects</Filter>
    </ClInclude>
    <ClInclude Include="src\Extensions\Game\Carbon\Effects\EARFQUAKE.hpp">
      <Filter>Extensions\Game\Carbon\Effects</Filter>
    </ClInclude>
    <ClInclude Include="src\Extensions\Game\Carbon\Effects\HowsYourCarRunning.hpp">
      <Filter>Extensions\Game\Carbon\Effects</Filter>
    </ClInclude>
    <ClInclude Include="src\Extensions\Game\Carbon\Effects\IntoTheVoid.hpp">
      <Filter>Extensions\Game\Carbon\Effects</Filter>
    </ClInclude>
    <ClInclude Include="src\Extensions\Game\Carbon\Effects\JesusTakeTheWheel.hpp">
      <Filter>Extensions\Game\Carbon\Effects</Filter>
    </ClInclude>
    <ClInclude Include="src\Extensions\Game\Carbon\Effects\CrazyTaxi.hpp">
      <Filter>Extensions\Game\Carbon\Effects</Filter>
    </ClInclude>
    <ClInclude Include="src\Extensions\Game\MW05\Effects\Impostor.hpp">
      <Filter>Extensions\Game\MW05\Effects</Filter>
    </ClInclude>
    <ClInclude Include="src\Extensions\Game\MW05\Effects\ElNoSabe.hpp">
      <Filter>Extensions\Game\MW05\Effects</Filter>
    </ClInclude>
    <ClInclude Include="src\Extensions\Game\MW05\Effects\FlatCars.hpp">
      <Filter>Extensions\Game\MW05\Effects</Filter>
    </ClInclude>
    <ClInclude Include="src\Extensions\Game\Carbon\Effects\FlatCars.hpp">
      <Filter>Extensions\Game\Carbon\Effects</Filter>
    </ClInclude>
    <ClInclude Include="src\Extensions\Game\Carbon\Effects\YoBroIsThatASupra.hpp">
      <Filter>Extensions\Game\Carbon\Effects</Filter>
    </ClInclude>
    <ClInclude Include="src\Extensions\Game\Carbon\Effects\SlotMachine.hpp">
      <Filter>Extensions\Game\Carbon\Effects</Filter>
    </ClInclude>
    <ClInclude Include="src\Extensions\Game\Carbon\Effects\Impostor.hpp">
      <Filter>Extensions\Game\Carbon\Effects</Filter>
    </ClInclude>
    <ClInclude Include="src\Extensions\Game\Carbon\Effects\GigaRubberband.hpp">
      <Filter>Extensions\Game\Carbon\Effects</Filter>
    </ClInclude>
    <ClInclude Include="src\Extensions\Game\Carbon\Effects\IfYouCantBeatThemKillThem.hpp">
      <Filter>Extensions\Game\Carbon\Effects</Filter>
    </ClInclude>
    <ClInclude Include="src\Extensions\Game\MW05\Effects\ConvoyTime.hpp">
      <Filter>Extensions\Game\MW05\Effects</Filter>
    </ClInclude>
    <ClInclude Include="src\Extensions\Game\Carbon\Effects\ConvoyTime.hpp">
      <Filter>Extensions\Game\Carbon\Effects</Filter>
    </ClInclude>
    <ClInclude Include="src\Extensions\Game\MW05\Effects\InvisibleCars.hpp">
      <Filter>Extensions\Game\MW05\Effects</Filter>
    </ClInclude>
    <ClInclude Include="src\Extensions\Game\MW05\Effects\TruckRain.hpp" />
    <ClInclude Include="src\Extensions\Game\MW05\Effects\TimeFlies.hpp">
      <Filter>Extensions\Game\MW05\Effects</Filter>
    </ClInclude>
  </ItemGroup>
  <ItemGroup>
    <None Include="NFS_ChatChaosMod.licenseheader" />
    <None Include="src\Helpers\Dear ImGui\imgui.licenseheader">
      <Filter>Helpers\Dear ImGui</Filter>
    </None>
    <None Include="src\Helpers\fmt\fmt.licenseheader">
      <Filter>Helpers\fmt</Filter>
    </None>
  </ItemGroup>
  <ItemGroup>
    <Filter Include="_vs">
      <UniqueIdentifier>{3bbb5c64-1a15-4782-9e5d-cbcd6f424206}</UniqueIdentifier>
    </Filter>
    <Filter Include="_win32entry">
      <UniqueIdentifier>{26c6746e-48da-4348-8489-fcd1d2e7f98f}</UniqueIdentifier>
    </Filter>
    <Filter Include="Extensions">
      <UniqueIdentifier>{b66e4440-d00d-4946-a9bf-85d367d3f975}</UniqueIdentifier>
    </Filter>
    <Filter Include="Extensions\Game">
      <UniqueIdentifier>{509f8cf8-566a-4227-814e-14eb4cb0116e}</UniqueIdentifier>
    </Filter>
    <Filter Include="Extensions\Game\Carbon">
      <UniqueIdentifier>{922aa15e-5e92-49b3-81c3-b2ed8f4ee104}</UniqueIdentifier>
    </Filter>
    <Filter Include="Extensions\Game\Carbon\Effects">
      <UniqueIdentifier>{5f2b3149-d83d-4597-87da-c93ff6339204}</UniqueIdentifier>
    </Filter>
    <Filter Include="Extensions\Game\Carbon\Modifiers">
      <UniqueIdentifier>{44859afa-9cdf-40ae-9144-3c4dba1b976d}</UniqueIdentifier>
    </Filter>
    <Filter Include="Extensions\Game\MW05">
      <UniqueIdentifier>{a2e4ead6-8c7b-4fdf-b285-c0471f96e1da}</UniqueIdentifier>
    </Filter>
    <Filter Include="Extensions\Game\MW05\Effects">
      <UniqueIdentifier>{e0ba9f6e-dc98-4532-8efb-e191a74a724f}</UniqueIdentifier>
    </Filter>
    <Filter Include="Extensions\Game\MW05\Modifiers">
      <UniqueIdentifier>{d13c9069-ec9d-477c-85a1-65454b19cd03}</UniqueIdentifier>
    </Filter>
    <Filter Include="Extensions\D3D9">
      <UniqueIdentifier>{dc19b154-a62f-4a9f-ad00-a7bd5d5bfc3e}</UniqueIdentifier>
    </Filter>
    <Filter Include="Extensions\DInput8">
      <UniqueIdentifier>{df1d225c-6e0c-4cdc-aeed-327c1e13824c}</UniqueIdentifier>
    </Filter>
    <Filter Include="Extensions\WndProc">
      <UniqueIdentifier>{2dee45d0-8d3b-4785-a8c9-60f1a5421b1d}</UniqueIdentifier>
    </Filter>
    <Filter Include="Helpers">
      <UniqueIdentifier>{6a7c2df2-066f-4a1e-8e9f-0bd2706962d4}</UniqueIdentifier>
    </Filter>
    <Filter Include="Helpers\Dear ImGui">
      <UniqueIdentifier>{7e06a4c7-fb8f-4117-a03a-92bc06290de1}</UniqueIdentifier>
    </Filter>
    <Filter Include="Helpers\Dear ImGui\backends">
      <UniqueIdentifier>{6c048da0-982b-4261-b51e-244fa16b36f1}</UniqueIdentifier>
    </Filter>
    <Filter Include="Helpers\Dear ImGui\misc">
      <UniqueIdentifier>{2a05069f-4f3f-49c0-9c04-e39f6e83c875}</UniqueIdentifier>
    </Filter>
    <Filter Include="Helpers\Dear ImGui\misc\freetype">
      <UniqueIdentifier>{2b8c2424-7299-4a82-9b1c-8040b0696a5b}</UniqueIdentifier>
    </Filter>
    <Filter Include="Helpers\Dear ImGui\misc\fonts">
      <UniqueIdentifier>{278ddc34-10de-405f-a6b6-0260ee711b0d}</UniqueIdentifier>
    </Filter>
    <Filter Include="Helpers\fmt">
      <UniqueIdentifier>{ecfde370-43aa-4659-abfc-d1b19a92aaa2}</UniqueIdentifier>
    </Filter>
  </ItemGroup>
  <ItemGroup>
    <Natvis Include="src\Helpers\Dear ImGui\misc\imgui.natvis">
      <Filter>Helpers\Dear ImGui\misc</Filter>
    </Natvis>
  </ItemGroup>
  <ItemGroup>
    <ResourceCompile Include="src\_vs\NFS_ChatChaosMod.rc">
      <Filter>_vs</Filter>
    </ResourceCompile>
  </ItemGroup>
</Project>